// !$*UTF8*$!
{
	archiveVersion = 1;
	classes = {
	};
	objectVersion = 46;
	objects = {

/* Begin PBXBuildFile section */
		219214681C96EB0300A74822 /* PendingViewController.swift in Sources */ = {isa = PBXBuildFile; fileRef = 219214671C96EB0300A74822 /* PendingViewController.swift */; };
		2192146A1C97039800A74822 /* Visit.swift in Sources */ = {isa = PBXBuildFile; fileRef = 219214691C97039800A74822 /* Visit.swift */; };
		2192146C1C9987AA00A74822 /* PatientDetailViewController.swift in Sources */ = {isa = PBXBuildFile; fileRef = 2192146B1C9987AA00A74822 /* PatientDetailViewController.swift */; };
		2193D8F61C8ECA92003D5FA2 /* Patient.swift in Sources */ = {isa = PBXBuildFile; fileRef = 2193D8F51C8ECA92003D5FA2 /* Patient.swift */; };
		2193D8F81C8ECF7E003D5FA2 /* AdminMenuViewController.swift in Sources */ = {isa = PBXBuildFile; fileRef = 2193D8F71C8ECF7E003D5FA2 /* AdminMenuViewController.swift */; };
		2193D91A1C8F40D3003D5FA2 /* TriageMenuViewController.swift in Sources */ = {isa = PBXBuildFile; fileRef = 2193D9191C8F40D3003D5FA2 /* TriageMenuViewController.swift */; };
		2193D91C1C8F4D72003D5FA2 /* Cell_Triage.swift in Sources */ = {isa = PBXBuildFile; fileRef = 2193D91B1C8F4D72003D5FA2 /* Cell_Triage.swift */; };
		21BAE4781CAC2CB5004704C4 /* TriagePatientViewController.swift in Sources */ = {isa = PBXBuildFile; fileRef = 21BAE4771CAC2CB5004704C4 /* TriagePatientViewController.swift */; };
		21BAE47A1CAC2E03004704C4 /* PersonalDataViewController.swift in Sources */ = {isa = PBXBuildFile; fileRef = 21BAE4791CAC2E03004704C4 /* PersonalDataViewController.swift */; };
		21BAE47C1CAC2E19004704C4 /* VitalSignsViewController.swift in Sources */ = {isa = PBXBuildFile; fileRef = 21BAE47B1CAC2E19004704C4 /* VitalSignsViewController.swift */; };
		21BAE47E1CAC2E36004704C4 /* ChiefComplainViewController.swift in Sources */ = {isa = PBXBuildFile; fileRef = 21BAE47D1CAC2E36004704C4 /* ChiefComplainViewController.swift */; };
		21BAE4801CAC2E46004704C4 /* RemarkViewController.swift in Sources */ = {isa = PBXBuildFile; fileRef = 21BAE47F1CAC2E46004704C4 /* RemarkViewController.swift */; };
		21C017A11C8C9EA9005A5490 /* AppDelegate.swift in Sources */ = {isa = PBXBuildFile; fileRef = 21C017A01C8C9EA9005A5490 /* AppDelegate.swift */; };
		21C017A31C8C9EA9005A5490 /* LoginViewController.swift in Sources */ = {isa = PBXBuildFile; fileRef = 21C017A21C8C9EA9005A5490 /* LoginViewController.swift */; };
		21C017A61C8C9EA9005A5490 /* Main.storyboard in Resources */ = {isa = PBXBuildFile; fileRef = 21C017A41C8C9EA9005A5490 /* Main.storyboard */; };
		21C017A81C8C9EA9005A5490 /* Assets.xcassets in Resources */ = {isa = PBXBuildFile; fileRef = 21C017A71C8C9EA9005A5490 /* Assets.xcassets */; };
		21C017AB1C8C9EA9005A5490 /* LaunchScreen.storyboard in Resources */ = {isa = PBXBuildFile; fileRef = 21C017A91C8C9EA9005A5490 /* LaunchScreen.storyboard */; };
		21C017B31C8CA19B005A5490 /* MainMenuViewController.swift in Sources */ = {isa = PBXBuildFile; fileRef = 21C017B21C8CA19B005A5490 /* MainMenuViewController.swift */; };
		E6B5158B08D7BB2720AE9511 /* Pods_PassingData.framework in Frameworks */ = {isa = PBXBuildFile; fileRef = 3D94E32A0E1E62A0D2FB981E /* Pods_PassingData.framework */; };
/* End PBXBuildFile section */

/* Begin PBXFileReference section */
		219214671C96EB0300A74822 /* PendingViewController.swift */ = {isa = PBXFileReference; fileEncoding = 4; lastKnownFileType = sourcecode.swift; path = PendingViewController.swift; sourceTree = "<group>"; };
		219214691C97039800A74822 /* Visit.swift */ = {isa = PBXFileReference; fileEncoding = 4; lastKnownFileType = sourcecode.swift; path = Visit.swift; sourceTree = "<group>"; };
		2192146B1C9987AA00A74822 /* PatientDetailViewController.swift */ = {isa = PBXFileReference; fileEncoding = 4; lastKnownFileType = sourcecode.swift; path = PatientDetailViewController.swift; sourceTree = "<group>"; };
		2193D8F51C8ECA92003D5FA2 /* Patient.swift */ = {isa = PBXFileReference; fileEncoding = 4; lastKnownFileType = sourcecode.swift; path = Patient.swift; sourceTree = "<group>"; };
		2193D8F71C8ECF7E003D5FA2 /* AdminMenuViewController.swift */ = {isa = PBXFileReference; fileEncoding = 4; lastKnownFileType = sourcecode.swift; path = AdminMenuViewController.swift; sourceTree = "<group>"; };
		2193D9191C8F40D3003D5FA2 /* TriageMenuViewController.swift */ = {isa = PBXFileReference; fileEncoding = 4; lastKnownFileType = sourcecode.swift; path = TriageMenuViewController.swift; sourceTree = "<group>"; };
		2193D91B1C8F4D72003D5FA2 /* Cell_Triage.swift */ = {isa = PBXFileReference; fileEncoding = 4; lastKnownFileType = sourcecode.swift; path = Cell_Triage.swift; sourceTree = "<group>"; };
		21BAE4771CAC2CB5004704C4 /* TriagePatientViewController.swift */ = {isa = PBXFileReference; fileEncoding = 4; lastKnownFileType = sourcecode.swift; path = TriagePatientViewController.swift; sourceTree = "<group>"; };
		21BAE4791CAC2E03004704C4 /* PersonalDataViewController.swift */ = {isa = PBXFileReference; fileEncoding = 4; lastKnownFileType = sourcecode.swift; path = PersonalDataViewController.swift; sourceTree = "<group>"; };
		21BAE47B1CAC2E19004704C4 /* VitalSignsViewController.swift */ = {isa = PBXFileReference; fileEncoding = 4; lastKnownFileType = sourcecode.swift; path = VitalSignsViewController.swift; sourceTree = "<group>"; };
		21BAE47D1CAC2E36004704C4 /* ChiefComplainViewController.swift */ = {isa = PBXFileReference; fileEncoding = 4; lastKnownFileType = sourcecode.swift; path = ChiefComplainViewController.swift; sourceTree = "<group>"; };
		21BAE47F1CAC2E46004704C4 /* RemarkViewController.swift */ = {isa = PBXFileReference; fileEncoding = 4; lastKnownFileType = sourcecode.swift; path = RemarkViewController.swift; sourceTree = "<group>"; };
		21C0179D1C8C9EA9005A5490 /* PassingData.app */ = {isa = PBXFileReference; explicitFileType = wrapper.application; includeInIndex = 0; path = PassingData.app; sourceTree = BUILT_PRODUCTS_DIR; };
		21C017A01C8C9EA9005A5490 /* AppDelegate.swift */ = {isa = PBXFileReference; lastKnownFileType = sourcecode.swift; path = AppDelegate.swift; sourceTree = "<group>"; };
		21C017A21C8C9EA9005A5490 /* LoginViewController.swift */ = {isa = PBXFileReference; lastKnownFileType = sourcecode.swift; path = LoginViewController.swift; sourceTree = "<group>"; };
		21C017A51C8C9EA9005A5490 /* Base */ = {isa = PBXFileReference; lastKnownFileType = file.storyboard; name = Base; path = Base.lproj/Main.storyboard; sourceTree = "<group>"; };
		21C017A71C8C9EA9005A5490 /* Assets.xcassets */ = {isa = PBXFileReference; lastKnownFileType = folder.assetcatalog; path = Assets.xcassets; sourceTree = "<group>"; };
		21C017AA1C8C9EA9005A5490 /* Base */ = {isa = PBXFileReference; lastKnownFileType = file.storyboard; name = Base; path = Base.lproj/LaunchScreen.storyboard; sourceTree = "<group>"; };
		21C017AC1C8C9EA9005A5490 /* Info.plist */ = {isa = PBXFileReference; lastKnownFileType = text.plist.xml; path = Info.plist; sourceTree = "<group>"; };
		21C017B21C8CA19B005A5490 /* MainMenuViewController.swift */ = {isa = PBXFileReference; fileEncoding = 4; lastKnownFileType = sourcecode.swift; path = MainMenuViewController.swift; sourceTree = "<group>"; };
		3D94E32A0E1E62A0D2FB981E /* Pods_PassingData.framework */ = {isa = PBXFileReference; explicitFileType = wrapper.framework; includeInIndex = 0; path = Pods_PassingData.framework; sourceTree = BUILT_PRODUCTS_DIR; };
		84973D0D6B5CF26EF1127D1F /* Pods-PassingData.release.xcconfig */ = {isa = PBXFileReference; includeInIndex = 1; lastKnownFileType = text.xcconfig; name = "Pods-PassingData.release.xcconfig"; path = "Pods/Target Support Files/Pods-PassingData/Pods-PassingData.release.xcconfig"; sourceTree = "<group>"; };
		A67B441EC436824CC98D1EE1 /* Pods-PassingData.debug.xcconfig */ = {isa = PBXFileReference; includeInIndex = 1; lastKnownFileType = text.xcconfig; name = "Pods-PassingData.debug.xcconfig"; path = "Pods/Target Support Files/Pods-PassingData/Pods-PassingData.debug.xcconfig"; sourceTree = "<group>"; };
/* End PBXFileReference section */

/* Begin PBXFrameworksBuildPhase section */
		21C0179A1C8C9EA9005A5490 /* Frameworks */ = {
			isa = PBXFrameworksBuildPhase;
			buildActionMask = 2147483647;
			files = (
				E6B5158B08D7BB2720AE9511 /* Pods_PassingData.framework in Frameworks */,
			);
			runOnlyForDeploymentPostprocessing = 0;
		};
/* End PBXFrameworksBuildPhase section */

/* Begin PBXGroup section */
		1D127783449BE3999B2B456C /* Frameworks */ = {
			isa = PBXGroup;
			children = (
				3D94E32A0E1E62A0D2FB981E /* Pods_PassingData.framework */,
			);
			name = Frameworks;
			sourceTree = "<group>";
		};
		21C017941C8C9EA9005A5490 = {
			isa = PBXGroup;
			children = (
				21C0179F1C8C9EA9005A5490 /* PassingData */,
				21C0179E1C8C9EA9005A5490 /* Products */,
				F4B3E8B579B70F1ADB6A981E /* Pods */,
				1D127783449BE3999B2B456C /* Frameworks */,
			);
			sourceTree = "<group>";
		};
		21C0179E1C8C9EA9005A5490 /* Products */ = {
			isa = PBXGroup;
			children = (
				21C0179D1C8C9EA9005A5490 /* PassingData.app */,
			);
			name = Products;
			sourceTree = "<group>";
		};
		21C0179F1C8C9EA9005A5490 /* PassingData */ = {
			isa = PBXGroup;
			children = (
				21C017A01C8C9EA9005A5490 /* AppDelegate.swift */,
				21C017A21C8C9EA9005A5490 /* LoginViewController.swift */,
				21C017B21C8CA19B005A5490 /* MainMenuViewController.swift */,
				219214671C96EB0300A74822 /* PendingViewController.swift */,
				2193D9191C8F40D3003D5FA2 /* TriageMenuViewController.swift */,
				2192146B1C9987AA00A74822 /* PatientDetailViewController.swift */,
				2193D91B1C8F4D72003D5FA2 /* Cell_Triage.swift */,
				2193D8F71C8ECF7E003D5FA2 /* AdminMenuViewController.swift */,
				2193D8F51C8ECA92003D5FA2 /* Patient.swift */,
				219214691C97039800A74822 /* Visit.swift */,
				21BAE4771CAC2CB5004704C4 /* TriagePatientViewController.swift */,
				21BAE4791CAC2E03004704C4 /* PersonalDataViewController.swift */,
				21BAE47B1CAC2E19004704C4 /* VitalSignsViewController.swift */,
				21BAE47D1CAC2E36004704C4 /* ChiefComplainViewController.swift */,
				21BAE47F1CAC2E46004704C4 /* RemarkViewController.swift */,
				21C017A41C8C9EA9005A5490 /* Main.storyboard */,
				21C017A71C8C9EA9005A5490 /* Assets.xcassets */,
				21C017A91C8C9EA9005A5490 /* LaunchScreen.storyboard */,
				21C017AC1C8C9EA9005A5490 /* Info.plist */,
			);
			path = PassingData;
			sourceTree = "<group>";
		};
		F4B3E8B579B70F1ADB6A981E /* Pods */ = {
			isa = PBXGroup;
			children = (
				A67B441EC436824CC98D1EE1 /* Pods-PassingData.debug.xcconfig */,
				84973D0D6B5CF26EF1127D1F /* Pods-PassingData.release.xcconfig */,
			);
			name = Pods;
			sourceTree = "<group>";
		};
/* End PBXGroup section */

/* Begin PBXNativeTarget section */
		21C0179C1C8C9EA9005A5490 /* PassingData */ = {
			isa = PBXNativeTarget;
			buildConfigurationList = 21C017AF1C8C9EA9005A5490 /* Build configuration list for PBXNativeTarget "PassingData" */;
			buildPhases = (
				5995E7C01E97397F276A30E9 /* Check Pods Manifest.lock */,
				21C017991C8C9EA9005A5490 /* Sources */,
				21C0179A1C8C9EA9005A5490 /* Frameworks */,
				21C0179B1C8C9EA9005A5490 /* Resources */,
				D59E3B907E9DFD4648D58369 /* Embed Pods Frameworks */,
				90DA03E1088C0086C0E7836C /* Copy Pods Resources */,
			);
			buildRules = (
			);
			dependencies = (
			);
			name = PassingData;
			productName = PassingData;
			productReference = 21C0179D1C8C9EA9005A5490 /* PassingData.app */;
			productType = "com.apple.product-type.application";
		};
/* End PBXNativeTarget section */

/* Begin PBXProject section */
		21C017951C8C9EA9005A5490 /* Project object */ = {
			isa = PBXProject;
			attributes = {
				LastSwiftUpdateCheck = 0720;
				LastUpgradeCheck = 0720;
				ORGANIZATIONNAME = John;
				TargetAttributes = {
					21C0179C1C8C9EA9005A5490 = {
						CreatedOnToolsVersion = 7.2.1;
						DevelopmentTeam = 3S4247QRAV;
					};
				};
			};
			buildConfigurationList = 21C017981C8C9EA9005A5490 /* Build configuration list for PBXProject "PassingData" */;
			compatibilityVersion = "Xcode 3.2";
			developmentRegion = English;
			hasScannedForEncodings = 0;
			knownRegions = (
				en,
				Base,
			);
			mainGroup = 21C017941C8C9EA9005A5490;
			productRefGroup = 21C0179E1C8C9EA9005A5490 /* Products */;
			projectDirPath = "";
			projectRoot = "";
			targets = (
				21C0179C1C8C9EA9005A5490 /* PassingData */,
			);
		};
/* End PBXProject section */

/* Begin PBXResourcesBuildPhase section */
		21C0179B1C8C9EA9005A5490 /* Resources */ = {
			isa = PBXResourcesBuildPhase;
			buildActionMask = 2147483647;
			files = (
				21C017AB1C8C9EA9005A5490 /* LaunchScreen.storyboard in Resources */,
				21C017A81C8C9EA9005A5490 /* Assets.xcassets in Resources */,
				21C017A61C8C9EA9005A5490 /* Main.storyboard in Resources */,
			);
			runOnlyForDeploymentPostprocessing = 0;
		};
/* End PBXResourcesBuildPhase section */

/* Begin PBXShellScriptBuildPhase section */
		5995E7C01E97397F276A30E9 /* Check Pods Manifest.lock */ = {
			isa = PBXShellScriptBuildPhase;
			buildActionMask = 2147483647;
			files = (
			);
			inputPaths = (
			);
			name = "Check Pods Manifest.lock";
			outputPaths = (
			);
			runOnlyForDeploymentPostprocessing = 0;
			shellPath = /bin/sh;
			shellScript = "diff \"${PODS_ROOT}/../Podfile.lock\" \"${PODS_ROOT}/Manifest.lock\" > /dev/null\nif [[ $? != 0 ]] ; then\n    cat << EOM\nerror: The sandbox is not in sync with the Podfile.lock. Run 'pod install' or update your CocoaPods installation.\nEOM\n    exit 1\nfi\n";
			showEnvVarsInLog = 0;
		};
		90DA03E1088C0086C0E7836C /* Copy Pods Resources */ = {
			isa = PBXShellScriptBuildPhase;
			buildActionMask = 2147483647;
			files = (
			);
			inputPaths = (
			);
			name = "Copy Pods Resources";
			outputPaths = (
			);
			runOnlyForDeploymentPostprocessing = 0;
			shellPath = /bin/sh;
			shellScript = "\"${SRCROOT}/Pods/Target Support Files/Pods-PassingData/Pods-PassingData-resources.sh\"\n";
			showEnvVarsInLog = 0;
		};
		D59E3B907E9DFD4648D58369 /* Embed Pods Frameworks */ = {
			isa = PBXShellScriptBuildPhase;
			buildActionMask = 2147483647;
			files = (
			);
			inputPaths = (
			);
			name = "Embed Pods Frameworks";
			outputPaths = (
			);
			runOnlyForDeploymentPostprocessing = 0;
			shellPath = /bin/sh;
			shellScript = "\"${SRCROOT}/Pods/Target Support Files/Pods-PassingData/Pods-PassingData-frameworks.sh\"\n";
			showEnvVarsInLog = 0;
		};
/* End PBXShellScriptBuildPhase section */

/* Begin PBXSourcesBuildPhase section */
		21C017991C8C9EA9005A5490 /* Sources */ = {
			isa = PBXSourcesBuildPhase;
			buildActionMask = 2147483647;
			files = (
				2193D8F81C8ECF7E003D5FA2 /* AdminMenuViewController.swift in Sources */,
				2193D91A1C8F40D3003D5FA2 /* TriageMenuViewController.swift in Sources */,
				2193D8F61C8ECA92003D5FA2 /* Patient.swift in Sources */,
				21C017A31C8C9EA9005A5490 /* LoginViewController.swift in Sources */,
				21C017B31C8CA19B005A5490 /* MainMenuViewController.swift in Sources */,
				21BAE47E1CAC2E36004704C4 /* ChiefComplainViewController.swift in Sources */,
				2193D91C1C8F4D72003D5FA2 /* Cell_Triage.swift in Sources */,
				21BAE47C1CAC2E19004704C4 /* VitalSignsViewController.swift in Sources */,
				21C017A11C8C9EA9005A5490 /* AppDelegate.swift in Sources */,
				21BAE4801CAC2E46004704C4 /* RemarkViewController.swift in Sources */,
				2192146C1C9987AA00A74822 /* PatientDetailViewController.swift in Sources */,
				21BAE47A1CAC2E03004704C4 /* PersonalDataViewController.swift in Sources */,
				21BAE4781CAC2CB5004704C4 /* TriagePatientViewController.swift in Sources */,
				219214681C96EB0300A74822 /* PendingViewController.swift in Sources */,
				2192146A1C97039800A74822 /* Visit.swift in Sources */,
			);
			runOnlyForDeploymentPostprocessing = 0;
		};
/* End PBXSourcesBuildPhase section */

/* Begin PBXVariantGroup section */
		21C017A41C8C9EA9005A5490 /* Main.storyboard */ = {
			isa = PBXVariantGroup;
			children = (
				21C017A51C8C9EA9005A5490 /* Base */,
			);
			name = Main.storyboard;
			sourceTree = "<group>";
		};
		21C017A91C8C9EA9005A5490 /* LaunchScreen.storyboard */ = {
			isa = PBXVariantGroup;
			children = (
				21C017AA1C8C9EA9005A5490 /* Base */,
			);
			name = LaunchScreen.storyboard;
			sourceTree = "<group>";
		};
/* End PBXVariantGroup section */

/* Begin XCBuildConfiguration section */
		21C017AD1C8C9EA9005A5490 /* Debug */ = {
			isa = XCBuildConfiguration;
			buildSettings = {
				ALWAYS_SEARCH_USER_PATHS = NO;
				CLANG_CXX_LANGUAGE_STANDARD = "gnu++0x";
				CLANG_CXX_LIBRARY = "libc++";
				CLANG_ENABLE_MODULES = YES;
				CLANG_ENABLE_OBJC_ARC = YES;
				CLANG_WARN_BOOL_CONVERSION = YES;
				CLANG_WARN_CONSTANT_CONVERSION = YES;
				CLANG_WARN_DIRECT_OBJC_ISA_USAGE = YES_ERROR;
				CLANG_WARN_EMPTY_BODY = YES;
				CLANG_WARN_ENUM_CONVERSION = YES;
				CLANG_WARN_INT_CONVERSION = YES;
				CLANG_WARN_OBJC_ROOT_CLASS = YES_ERROR;
				CLANG_WARN_UNREACHABLE_CODE = YES;
				CLANG_WARN__DUPLICATE_METHOD_MATCH = YES;
				"CODE_SIGN_IDENTITY[sdk=iphoneos*]" = "iPhone Developer";
				COPY_PHASE_STRIP = NO;
				DEBUG_INFORMATION_FORMAT = dwarf;
				ENABLE_STRICT_OBJC_MSGSEND = YES;
				ENABLE_TESTABILITY = YES;
				GCC_C_LANGUAGE_STANDARD = gnu99;
				GCC_DYNAMIC_NO_PIC = NO;
				GCC_NO_COMMON_BLOCKS = YES;
				GCC_OPTIMIZATION_LEVEL = 0;
				GCC_PREPROCESSOR_DEFINITIONS = (
					"DEBUG=1",
					"$(inherited)",
				);
				GCC_WARN_64_TO_32_BIT_CONVERSION = YES;
				GCC_WARN_ABOUT_RETURN_TYPE = YES_ERROR;
				GCC_WARN_UNDECLARED_SELECTOR = YES;
				GCC_WARN_UNINITIALIZED_AUTOS = YES_AGGRESSIVE;
				GCC_WARN_UNUSED_FUNCTION = YES;
				GCC_WARN_UNUSED_VARIABLE = YES;
				IPHONEOS_DEPLOYMENT_TARGET = 9.2;
				MTL_ENABLE_DEBUG_INFO = YES;
				ONLY_ACTIVE_ARCH = YES;
				SDKROOT = iphoneos;
				SWIFT_OPTIMIZATION_LEVEL = "-Onone";
			};
			name = Debug;
		};
		21C017AE1C8C9EA9005A5490 /* Release */ = {
			isa = XCBuildConfiguration;
			buildSettings = {
				ALWAYS_SEARCH_USER_PATHS = NO;
				CLANG_CXX_LANGUAGE_STANDARD = "gnu++0x";
				CLANG_CXX_LIBRARY = "libc++";
				CLANG_ENABLE_MODULES = YES;
				CLANG_ENABLE_OBJC_ARC = YES;
				CLANG_WARN_BOOL_CONVERSION = YES;
				CLANG_WARN_CONSTANT_CONVERSION = YES;
				CLANG_WARN_DIRECT_OBJC_ISA_USAGE = YES_ERROR;
				CLANG_WARN_EMPTY_BODY = YES;
				CLANG_WARN_ENUM_CONVERSION = YES;
				CLANG_WARN_INT_CONVERSION = YES;
				CLANG_WARN_OBJC_ROOT_CLASS = YES_ERROR;
				CLANG_WARN_UNREACHABLE_CODE = YES;
				CLANG_WARN__DUPLICATE_METHOD_MATCH = YES;
				"CODE_SIGN_IDENTITY[sdk=iphoneos*]" = "iPhone Developer";
				COPY_PHASE_STRIP = NO;
				DEBUG_INFORMATION_FORMAT = "dwarf-with-dsym";
				ENABLE_NS_ASSERTIONS = NO;
				ENABLE_STRICT_OBJC_MSGSEND = YES;
				GCC_C_LANGUAGE_STANDARD = gnu99;
				GCC_NO_COMMON_BLOCKS = YES;
				GCC_WARN_64_TO_32_BIT_CONVERSION = YES;
				GCC_WARN_ABOUT_RETURN_TYPE = YES_ERROR;
				GCC_WARN_UNDECLARED_SELECTOR = YES;
				GCC_WARN_UNINITIALIZED_AUTOS = YES_AGGRESSIVE;
				GCC_WARN_UNUSED_FUNCTION = YES;
				GCC_WARN_UNUSED_VARIABLE = YES;
				IPHONEOS_DEPLOYMENT_TARGET = 9.2;
				MTL_ENABLE_DEBUG_INFO = NO;
				SDKROOT = iphoneos;
				VALIDATE_PRODUCT = YES;
			};
			name = Release;
		};
		21C017B01C8C9EA9005A5490 /* Debug */ = {
			isa = XCBuildConfiguration;
			baseConfigurationReference = A67B441EC436824CC98D1EE1 /* Pods-PassingData.debug.xcconfig */;
			buildSettings = {
				ASSETCATALOG_COMPILER_APPICON_NAME = AppIcon;
				INFOPLIST_FILE = PassingData/Info.plist;
				LD_RUNPATH_SEARCH_PATHS = "$(inherited) @executable_path/Frameworks";
				PRODUCT_BUNDLE_IDENTIFIER = com.John.PassingData;
				PRODUCT_NAME = "$(TARGET_NAME)";
			};
			name = Debug;
		};
		21C017B11C8C9EA9005A5490 /* Release */ = {
			isa = XCBuildConfiguration;
			baseConfigurationReference = 84973D0D6B5CF26EF1127D1F /* Pods-PassingData.release.xcconfig */;
			buildSettings = {
				ASSETCATALOG_COMPILER_APPICON_NAME = AppIcon;
				INFOPLIST_FILE = PassingData/Info.plist;
				LD_RUNPATH_SEARCH_PATHS = "$(inherited) @executable_path/Frameworks";
				PRODUCT_BUNDLE_IDENTIFIER = com.John.PassingData;
				PRODUCT_NAME = "$(TARGET_NAME)";
			};
			name = Release;
		};
/* End XCBuildConfiguration section */

/* Begin XCConfigurationList section */
		21C017981C8C9EA9005A5490 /* Build configuration list for PBXProject "PassingData" */ = {
			isa = XCConfigurationList;
			buildConfigurations = (
				21C017AD1C8C9EA9005A5490 /* Debug */,
				21C017AE1C8C9EA9005A5490 /* Release */,
			);
			defaultConfigurationIsVisible = 0;
			defaultConfigurationName = Release;
		};
		21C017AF1C8C9EA9005A5490 /* Build configuration list for PBXNativeTarget "PassingData" */ = {
			isa = XCConfigurationList;
			buildConfigurations = (
				21C017B01C8C9EA9005A5490 /* Debug */,
				21C017B11C8C9EA9005A5490 /* Release */,
			);
			defaultConfigurationIsVisible = 0;
			defaultConfigurationName = Release;
		};
/* End XCConfigurationList section */
	};
	rootObject = 21C017951C8C9EA9005A5490 /* Project object */;
}
